
Microsoft Visual Studio Solution File, Format Version 12.00
# Visual Studio Version 17
VisualStudioVersion = 17.13.35931.197 d17.13
MinimumVisualStudioVersion = 10.0.40219.1
Project("{FAE04EC0-301F-11D3-BF4B-00C04F79EFBC}") = "PBO Pertemuan 9", "PBO Pertemuan 9.csproj", "{3FC6266B-A597-472B-B3B5-3A368E1672E4}"
EndProject
Global
	GlobalSection(SolutionConfigurationPlatforms) = preSolution
		Debug|Any CPU = Debug|Any CPU
		Release|Any CPU = Release|Any CPU
	EndGlobalSection
	GlobalSection(ProjectConfigurationPlatforms) = postSolution
		{3FC6266B-A597-472B-B3B5-3A368E1672E4}.Debug|Any CPU.ActiveCfg = Debug|Any CPU
		{3FC6266B-A597-472B-B3B5-3A368E1672E4}.Debug|Any CPU.Build.0 = Debug|Any CPU
		{3FC6266B-A597-472B-B3B5-3A368E1672E4}.Release|Any CPU.ActiveCfg = Release|Any CPU
		{3FC6266B-A597-472B-B3B5-3A368E1672E4}.Release|Any CPU.Build.0 = Release|Any CPU
	EndGlobalSection
	GlobalSection(SolutionProperties) = preSolution
		HideSolutionNode = FALSE
	EndGlobalSection
	GlobalSection(ExtensibilityGlobals) = postSolution
		SolutionGuid = {8DC342E6-92DB-4078-9442-3B7BF298DC6C}
	EndGlobalSection
EndGlobal
